
Microsoft Visual Studio Solution File, Format Version 12.00
# Visual Studio Version 17
VisualStudioVersion = 17.7.34221.43
MinimumVisualStudioVersion = 10.0.40219.1
Project("{FAE04EC0-301F-11D3-BF4B-00C04F79EFBC}") = "SamWarehouse", "SamWarehouse\SamWarehouse.csproj", "{C345D7AA-FC05-412C-B65F-B154171E2803}"
EndProject
Global
	GlobalSection(SolutionConfigurationPlatforms) = preSolution
		Debug|Any CPU = Debug|Any CPU
		Release|Any CPU = Release|Any CPU
	EndGlobalSection
	GlobalSection(ProjectConfigurationPlatforms) = postSolution
		{C345D7AA-FC05-412C-B65F-B154171E2803}.Debug|Any CPU.ActiveCfg = Debug|Any CPU
		{C345D7AA-FC05-412C-B65F-B154171E2803}.Debug|Any CPU.Build.0 = Debug|Any CPU
		{C345D7AA-FC05-412C-B65F-B154171E2803}.Release|Any CPU.ActiveCfg = Release|Any CPU
		{C345D7AA-FC05-412C-B65F-B154171E2803}.Release|Any CPU.Build.0 = Release|Any CPU
	EndGlobalSection
	GlobalSection(SolutionProperties) = preSolution
		HideSolutionNode = FALSE
	EndGlobalSection
	GlobalSection(ExtensibilityGlobals) = postSolution
		SolutionGuid = {ABFB8413-4C58-45A9-8D2A-27D7751C9269}
	EndGlobalSection
EndGlobal
